
Microsoft Visual Studio Solution File, Format Version 12.00
# Visual Studio 2013
VisualStudioVersion = 12.0.30723.0
MinimumVisualStudioVersion = 10.0.40219.1
Project("{2150E333-8FDC-42A3-9474-1A3956D46DE8}") = "src", "src", "{5833D5E8-6A03-4EB1-B92E-F8FC32BED48E}"
EndProject
Project("{2150E333-8FDC-42A3-9474-1A3956D46DE8}") = "UBA.FTP", "UBA.FTP", "{CF41BE75-1E25-4830-9E7D-7EC980ED05D1}"
EndProject
Project("{FAE04EC0-301F-11D3-BF4B-00C04F79EFBC}") = "UBA.FTP.Client", "UBA.FTP.Client\UBA.FTP.Client.csproj", "{A8660BAB-BDDC-437E-B9B1-C896E7A8490D}"
EndProject
Project("{2150E333-8FDC-42A3-9474-1A3956D46DE8}") = "UBA.Hadoop", "UBA.Hadoop", "{ED110CE4-5A1F-4B9A-85AE-8E183201D7B8}"
EndProject
Project("{FAE04EC0-301F-11D3-BF4B-00C04F79EFBC}") = "UBA.Hadoop.Lib", "UBA.Hadoop.Lib\UBA.Hadoop.Lib.csproj", "{5EA8D621-8EBB-4F04-839A-85E33BC0D668}"
EndProject
Project("{2150E333-8FDC-42A3-9474-1A3956D46DE8}") = "UBA.Redis", "UBA.Redis", "{71FEDE2C-2AA9-4EDB-B23F-C6FEEA21FA70}"
EndProject
Project("{FAE04EC0-301F-11D3-BF4B-00C04F79EFBC}") = "UBA.Redis.Lib", "UBA.Redis.Lib\UBA.Redis.Lib.csproj", "{CC344789-9E77-40CC-A9B6-303FDF8132DD}"
EndProject
Project("{2150E333-8FDC-42A3-9474-1A3956D46DE8}") = "UBA.Mono", "UBA.Mono", "{057EC4BE-2A80-453C-B630-BF5FB5828C8F}"
EndProject
Project("{FAE04EC0-301F-11D3-BF4B-00C04F79EFBC}") = "UBA.Mono.Test", "UBA.Mono.Test\UBA.Mono.Test.csproj", "{A2FB53AA-29EB-46CA-9CFE-5218B8832423}"
EndProject
Project("{FAE04EC0-301F-11D3-BF4B-00C04F79EFBC}") = "UBA.Ftp.Lib", "UBA.Ftp.Lib\UBA.Ftp.Lib.csproj", "{FBD47543-ACA8-4D25-A13C-D65C1CA787C2}"
EndProject
Project("{2150E333-8FDC-42A3-9474-1A3956D46DE8}") = "UBA.FileWatch", "UBA.FileWatch", "{5622E193-E744-436E-BCD9-8FFBA530F3FE}"
EndProject
Project("{FAE04EC0-301F-11D3-BF4B-00C04F79EFBC}") = "UBA.FileWatch.Lib", "UBA.FileWatch.Lib\UBA.FileWatch.Lib.csproj", "{12FC6741-71C8-4DE8-AEB9-818A235FF74A}"
EndProject
Project("{FAE04EC0-301F-11D3-BF4B-00C04F79EFBC}") = "UBA.FileWatch.Test", "UBA.FileWatch.Test\UBA.FileWatch.Test.csproj", "{E22523AA-5604-44D4-96FF-AF88D1F1151C}"
EndProject
Project("{2150E333-8FDC-42A3-9474-1A3956D46DE8}") = "UBA.Azure", "UBA.Azure", "{23CA8F61-A09F-4671-B1C0-DE1D0C3948C8}"
EndProject
Project("{81BE5007-4CAB-4670-AEEB-3DA6572B9D12}") = "UBA.Azure.Hive.Sample", "UBA.Azure.Hive.Sample\UBA.Azure.Hive.Sample.hiveproj", "{2C6B7538-5696-4527-9384-685FC3CC12FA}"
EndProject
Project("{81BE5007-4CAB-4670-AEEB-3DA6572B9D12}") = "UBA.Azure.Hive", "UBA.Azure.Hive\UBA.Azure.Hive.hiveproj", "{C1B657CF-9F31-45AF-8482-D30B7A848D19}"
EndProject
Project("{2150E333-8FDC-42A3-9474-1A3956D46DE8}") = "UBA.GzipCompress", "UBA.GzipCompress", "{406DA83A-DDE1-4F3F-B627-5FC6E6AA55C6}"
EndProject
Project("{FAE04EC0-301F-11D3-BF4B-00C04F79EFBC}") = "UBA.GzipCompress.Lib", "UBA.GzipCompress.Lib\UBA.GzipCompress.Lib.csproj", "{7B81AD62-E8D8-4B75-A2AB-F947E3F1E900}"
EndProject
Project("{FAE04EC0-301F-11D3-BF4B-00C04F79EFBC}") = "UBA.CompressAndUpload", "CompressAndUpload\UBA.CompressAndUpload.csproj", "{8AF34D90-4522-43A7-A9AB-82FA09477DC6}"
EndProject
Project("{2150E333-8FDC-42A3-9474-1A3956D46DE8}") = "UBA.Blob", "UBA.Blob", "{4251015C-B0C2-4E99-9586-442C8F02A8D8}"
EndProject
Project("{FAE04EC0-301F-11D3-BF4B-00C04F79EFBC}") = "UBA.Blob.Lib", "UBA.Blob\UBA.Blob.Lib.csproj", "{98F3EF63-33EE-4E59-A419-B1710CE3917F}"
EndProject
Project("{FAE04EC0-301F-11D3-BF4B-00C04F79EFBC}") = "UBA.CompressAndUploadServer", "UBA.CompressAndUploadFile\UBA.CompressAndUploadServer.csproj", "{E1F35EB7-845D-4D04-8294-B4296CB88424}"
EndProject
Project("{FAE04EC0-301F-11D3-BF4B-00C04F79EFBC}") = "UBA.Blob.DecompAndUpload", "UBA.Blob.DecompAndUpload\UBA.Blob.DecompAndUpload.csproj", "{AC99DAD4-13FD-47B5-AE07-56FE7662A523}"
EndProject
Project("{FAE04EC0-301F-11D3-BF4B-00C04F79EFBC}") = "UBA.Azure.Hadoop.Job", "UBA.Azure.Hadoop.Job\UBA.Azure.Hadoop.Job.csproj", "{BEFA258E-C992-4159-BA8B-75420D7C8428}"
EndProject
Project("{FAE04EC0-301F-11D3-BF4B-00C04F79EFBC}") = "UBA.Azure.Hadoop.Hive.Lib", "UBA.Azure.Hadoop.Hive.Lib\UBA.Azure.Hadoop.Hive.Lib.csproj", "{0E694D92-9EA4-481C-A273-4C5A5C1973DF}"
EndProject
Project("{FAE04EC0-301F-11D3-BF4B-00C04F79EFBC}") = "UBA.Azure.Hadoop.Lib", "UBA.Azure.Hadoop.Lib\UBA.Azure.Hadoop.Lib.csproj", "{B1CE7077-452B-4475-A432-E692D4567902}"
EndProject
Project("{FAE04EC0-301F-11D3-BF4B-00C04F79EFBC}") = "UBA.Azure.Certificate.Test", "UBA.Azure.Certificate.Test\UBA.Azure.Certificate.Test.csproj", "{5790ED3D-A7FC-4D6E-8940-E5009424BF8B}"
EndProject
Project("{FAE04EC0-301F-11D3-BF4B-00C04F79EFBC}") = "UBA.Hadoop.CreateHDICluster", "UBA.Hadoop.CreateHDICluster\UBA.Hadoop.CreateHDICluster.csproj", "{182F4195-EC4E-4C0E-A7FF-4E1AD82B0629}"
EndProject
Project("{FAE04EC0-301F-11D3-BF4B-00C04F79EFBC}") = "RedisDemo", "RedisDemo\RedisDemo.csproj", "{3697B045-0758-4F22-BC91-360B05957809}"
EndProject
Project("{FAE04EC0-301F-11D3-BF4B-00C04F79EFBC}") = "UBA.SaveFileByRedisServer", "SaveFileByRedisServer\UBA.SaveFileByRedisServer.csproj", "{D4DA36DF-D5BE-4450-8473-FA83A0596B0B}"
EndProject
Project("{FAE04EC0-301F-11D3-BF4B-00C04F79EFBC}") = "UBA.SaveFileTask", "SaveFileTask\UBA.SaveFileTask.csproj", "{B00C9335-76F1-4C05-ABC2-3F90C60C8E08}"
EndProject
Project("{2150E333-8FDC-42A3-9474-1A3956D46DE8}") = "UBA.Common", "UBA.Common", "{074B9EF3-F4D3-4009-8659-88E4B934200B}"
EndProject
Project("{FAE04EC0-301F-11D3-BF4B-00C04F79EFBC}") = "UBA.Common", "UBA.Common\UBA.Common.csproj", "{3C476B1C-32C0-4505-8DA4-5D9B42F8D778}"
EndProject
Project("{2150E333-8FDC-42A3-9474-1A3956D46DE8}") = "UBA.Mysql", "UBA.Mysql", "{D048A6BC-6BCF-4D93-8CD9-1DF907F37F6A}"
EndProject
Project("{FAE04EC0-301F-11D3-BF4B-00C04F79EFBC}") = "UBA.Mysql.lib", "UBA.Mysql.lib\UBA.Mysql.lib.csproj", "{EF054A52-37C2-42F0-8F1A-298153E4A654}"
EndProject
Project("{FAE04EC0-301F-11D3-BF4B-00C04F79EFBC}") = "UBA.Mysql.Test", "UBA.Mysql.Test\UBA.Mysql.Test.csproj", "{E6D823F8-5528-42FD-BEDB-C2166F823F7C}"
EndProject
Project("{FAE04EC0-301F-11D3-BF4B-00C04F79EFBC}") = "UBA.Blob.UploadBlobServer", "UploadBlobServer\UBA.Blob.UploadBlobServer.csproj", "{461B670A-329E-418B-9F5B-E966612E918F}"
EndProject
Project("{FAE04EC0-301F-11D3-BF4B-00C04F79EFBC}") = "UBA.Blob.Test", "UBA.Blob.Test\UBA.Blob.Test.csproj", "{7D3724E6-BAE7-47D3-BF84-CF0AAC4638C6}"
EndProject
Project("{2150E333-8FDC-42A3-9474-1A3956D46DE8}") = "UBA.Blob.Rest", "UBA.Blob.Rest", "{07EB891B-E07F-4666-891D-DC92EDBF0B6E}"
EndProject
Project("{FAE04EC0-301F-11D3-BF4B-00C04F79EFBC}") = "UBA.Blob.Rest", "UBA.Blob.Rest\UBA.Blob.Rest.csproj", "{C060FCB6-4365-4C08-8123-411C60F9D44D}"
EndProject
Project("{FAE04EC0-301F-11D3-BF4B-00C04F79EFBC}") = "RedisHelper", "RedisHelper\RedisHelper.csproj", "{592E5FDD-8DF5-408D-BBF5-D8A9C1A51406}"
EndProject
Project("{FAE04EC0-301F-11D3-BF4B-00C04F79EFBC}") = "SFTP", "SFTP\SFTP.csproj", "{41430171-FC0B-4CDA-B06A-3B2A43948D42}"
EndProject
Project("{FAE04EC0-301F-11D3-BF4B-00C04F79EFBC}") = "UBA.CompressAndUploadV2", "UBA.CompressAndUploadV2\UBA.CompressAndUploadV2.csproj", "{E05E3775-A2D2-462A-AB06-70C0BB6D72F1}"
EndProject
Project("{FAE04EC0-301F-11D3-BF4B-00C04F79EFBC}") = "CopyFile", "CopyFile\CopyFile.csproj", "{4C3019BF-6C51-41F5-8F8A-1081937B1B6C}"
EndProject
Project("{FAE04EC0-301F-11D3-BF4B-00C04F79EFBC}") = "EIM", "EIM\EIM.csproj", "{930B1BC7-F80A-4513-A7B2-D7893D0A6D18}"
EndProject
Project("{FAE04EC0-301F-11D3-BF4B-00C04F79EFBC}") = "UBA.Http", "UBA.Http\UBA.Http.csproj", "{ED30C85D-B764-4C22-B1BB-C6B150AC72C9}"
EndProject
Project("{FAE04EC0-301F-11D3-BF4B-00C04F79EFBC}") = "Mathjax2Word", "mathjax2word\Mathjax2Word.csproj", "{194BAC5B-D4BC-4705-BC98-6F749632EA66}"
EndProject
Project("{FAE04EC0-301F-11D3-BF4B-00C04F79EFBC}") = "Latex2MathML", "latex2mathml\Latex2MathML.csproj", "{FF17A7C9-ED72-44F9-9DDD-4AD6B44D97D8}"
EndProject
Project("{FAE04EC0-301F-11D3-BF4B-00C04F79EFBC}") = "OpenXmlWord", "OpenXmlWord\OpenXmlWord.csproj", "{82F8B4D9-E521-40EF-A2E9-299141DE9E3B}"
EndProject
Project("{2150E333-8FDC-42A3-9474-1A3956D46DE8}") = "html2word", "html2word", "{273E5C54-DFAF-4268-9E86-A72E76C77322}"
EndProject
Project("{FAE04EC0-301F-11D3-BF4B-00C04F79EFBC}") = "HtmlToOpenXml", "html2openxml\Trunk\HtmlToOpenXml.csproj", "{EF700F30-C9BB-49A6-912C-E3B77857B514}"
EndProject
Project("{FAE04EC0-301F-11D3-BF4B-00C04F79EFBC}") = "Demo", "html2openxml\Demo\Demo.csproj", "{A1ECC760-B9F7-4A00-AF5F-568B5FD6F09F}"
EndProject
Project("{FAE04EC0-301F-11D3-BF4B-00C04F79EFBC}") = "CssInline", "CssInline\CssInline.csproj", "{43B6BC74-70E1-4F13-B9C7-0A81C9B68E4F}"
EndProject
Global
	GlobalSection(SolutionConfigurationPlatforms) = preSolution
		Debug|Any CPU = Debug|Any CPU
		Debug|x86 = Debug|x86
		Deploy|Any CPU = Deploy|Any CPU
		Deploy|x86 = Deploy|x86
		Release|Any CPU = Release|Any CPU
		Release|x86 = Release|x86
	EndGlobalSection
	GlobalSection(ProjectConfigurationPlatforms) = postSolution
		{A8660BAB-BDDC-437E-B9B1-C896E7A8490D}.Debug|Any CPU.ActiveCfg = Debug|Any CPU
		{A8660BAB-BDDC-437E-B9B1-C896E7A8490D}.Debug|Any CPU.Build.0 = Debug|Any CPU
		{A8660BAB-BDDC-437E-B9B1-C896E7A8490D}.Debug|x86.ActiveCfg = Debug|Any CPU
		{A8660BAB-BDDC-437E-B9B1-C896E7A8490D}.Deploy|Any CPU.ActiveCfg = Debug|Any CPU
		{A8660BAB-BDDC-437E-B9B1-C896E7A8490D}.Deploy|Any CPU.Build.0 = Debug|Any CPU
		{A8660BAB-BDDC-437E-B9B1-C896E7A8490D}.Deploy|x86.ActiveCfg = Debug|Any CPU
		{A8660BAB-BDDC-437E-B9B1-C896E7A8490D}.Release|Any CPU.ActiveCfg = Release|Any CPU
		{A8660BAB-BDDC-437E-B9B1-C896E7A8490D}.Release|Any CPU.Build.0 = Release|Any CPU
		{A8660BAB-BDDC-437E-B9B1-C896E7A8490D}.Release|x86.ActiveCfg = Release|Any CPU
		{5EA8D621-8EBB-4F04-839A-85E33BC0D668}.Debug|Any CPU.ActiveCfg = Debug|Any CPU
		{5EA8D621-8EBB-4F04-839A-85E33BC0D668}.Debug|Any CPU.Build.0 = Debug|Any CPU
		{5EA8D621-8EBB-4F04-839A-85E33BC0D668}.Debug|x86.ActiveCfg = Debug|Any CPU
		{5EA8D621-8EBB-4F04-839A-85E33BC0D668}.Deploy|Any CPU.ActiveCfg = Debug|Any CPU
		{5EA8D621-8EBB-4F04-839A-85E33BC0D668}.Deploy|Any CPU.Build.0 = Debug|Any CPU
		{5EA8D621-8EBB-4F04-839A-85E33BC0D668}.Deploy|x86.ActiveCfg = Debug|Any CPU
		{5EA8D621-8EBB-4F04-839A-85E33BC0D668}.Release|Any CPU.ActiveCfg = Release|Any CPU
		{5EA8D621-8EBB-4F04-839A-85E33BC0D668}.Release|Any CPU.Build.0 = Release|Any CPU
		{5EA8D621-8EBB-4F04-839A-85E33BC0D668}.Release|x86.ActiveCfg = Release|Any CPU
		{CC344789-9E77-40CC-A9B6-303FDF8132DD}.Debug|Any CPU.ActiveCfg = Debug|Any CPU
		{CC344789-9E77-40CC-A9B6-303FDF8132DD}.Debug|Any CPU.Build.0 = Debug|Any CPU
		{CC344789-9E77-40CC-A9B6-303FDF8132DD}.Debug|x86.ActiveCfg = Debug|Any CPU
		{CC344789-9E77-40CC-A9B6-303FDF8132DD}.Deploy|Any CPU.ActiveCfg = Debug|Any CPU
		{CC344789-9E77-40CC-A9B6-303FDF8132DD}.Deploy|Any CPU.Build.0 = Debug|Any CPU
		{CC344789-9E77-40CC-A9B6-303FDF8132DD}.Deploy|x86.ActiveCfg = Debug|Any CPU
		{CC344789-9E77-40CC-A9B6-303FDF8132DD}.Release|Any CPU.ActiveCfg = Release|Any CPU
		{CC344789-9E77-40CC-A9B6-303FDF8132DD}.Release|Any CPU.Build.0 = Release|Any CPU
		{CC344789-9E77-40CC-A9B6-303FDF8132DD}.Release|x86.ActiveCfg = Release|Any CPU
		{A2FB53AA-29EB-46CA-9CFE-5218B8832423}.Debug|Any CPU.ActiveCfg = Debug|Any CPU
		{A2FB53AA-29EB-46CA-9CFE-5218B8832423}.Debug|Any CPU.Build.0 = Debug|Any CPU
		{A2FB53AA-29EB-46CA-9CFE-5218B8832423}.Debug|x86.ActiveCfg = Debug|Any CPU
		{A2FB53AA-29EB-46CA-9CFE-5218B8832423}.Deploy|Any CPU.ActiveCfg = Debug|Any CPU
		{A2FB53AA-29EB-46CA-9CFE-5218B8832423}.Deploy|Any CPU.Build.0 = Debug|Any CPU
		{A2FB53AA-29EB-46CA-9CFE-5218B8832423}.Deploy|x86.ActiveCfg = Debug|Any CPU
		{A2FB53AA-29EB-46CA-9CFE-5218B8832423}.Release|Any CPU.ActiveCfg = Release|Any CPU
		{A2FB53AA-29EB-46CA-9CFE-5218B8832423}.Release|Any CPU.Build.0 = Release|Any CPU
		{A2FB53AA-29EB-46CA-9CFE-5218B8832423}.Release|x86.ActiveCfg = Release|Any CPU
		{FBD47543-ACA8-4D25-A13C-D65C1CA787C2}.Debug|Any CPU.ActiveCfg = Debug|Any CPU
		{FBD47543-ACA8-4D25-A13C-D65C1CA787C2}.Debug|Any CPU.Build.0 = Debug|Any CPU
		{FBD47543-ACA8-4D25-A13C-D65C1CA787C2}.Debug|x86.ActiveCfg = Debug|Any CPU
		{FBD47543-ACA8-4D25-A13C-D65C1CA787C2}.Deploy|Any CPU.ActiveCfg = Debug|Any CPU
		{FBD47543-ACA8-4D25-A13C-D65C1CA787C2}.Deploy|Any CPU.Build.0 = Debug|Any CPU
		{FBD47543-ACA8-4D25-A13C-D65C1CA787C2}.Deploy|x86.ActiveCfg = Debug|Any CPU
		{FBD47543-ACA8-4D25-A13C-D65C1CA787C2}.Release|Any CPU.ActiveCfg = Release|Any CPU
		{FBD47543-ACA8-4D25-A13C-D65C1CA787C2}.Release|Any CPU.Build.0 = Release|Any CPU
		{FBD47543-ACA8-4D25-A13C-D65C1CA787C2}.Release|x86.ActiveCfg = Release|Any CPU
		{12FC6741-71C8-4DE8-AEB9-818A235FF74A}.Debug|Any CPU.ActiveCfg = Debug|Any CPU
		{12FC6741-71C8-4DE8-AEB9-818A235FF74A}.Debug|Any CPU.Build.0 = Debug|Any CPU
		{12FC6741-71C8-4DE8-AEB9-818A235FF74A}.Debug|x86.ActiveCfg = Debug|Any CPU
		{12FC6741-71C8-4DE8-AEB9-818A235FF74A}.Deploy|Any CPU.ActiveCfg = Debug|Any CPU
		{12FC6741-71C8-4DE8-AEB9-818A235FF74A}.Deploy|Any CPU.Build.0 = Debug|Any CPU
		{12FC6741-71C8-4DE8-AEB9-818A235FF74A}.Deploy|x86.ActiveCfg = Debug|Any CPU
		{12FC6741-71C8-4DE8-AEB9-818A235FF74A}.Release|Any CPU.ActiveCfg = Release|Any CPU
		{12FC6741-71C8-4DE8-AEB9-818A235FF74A}.Release|Any CPU.Build.0 = Release|Any CPU
		{12FC6741-71C8-4DE8-AEB9-818A235FF74A}.Release|x86.ActiveCfg = Release|Any CPU
		{E22523AA-5604-44D4-96FF-AF88D1F1151C}.Debug|Any CPU.ActiveCfg = Debug|Any CPU
		{E22523AA-5604-44D4-96FF-AF88D1F1151C}.Debug|Any CPU.Build.0 = Debug|Any CPU
		{E22523AA-5604-44D4-96FF-AF88D1F1151C}.Debug|x86.ActiveCfg = Debug|Any CPU
		{E22523AA-5604-44D4-96FF-AF88D1F1151C}.Deploy|Any CPU.ActiveCfg = Debug|Any CPU
		{E22523AA-5604-44D4-96FF-AF88D1F1151C}.Deploy|Any CPU.Build.0 = Debug|Any CPU
		{E22523AA-5604-44D4-96FF-AF88D1F1151C}.Deploy|x86.ActiveCfg = Debug|Any CPU
		{E22523AA-5604-44D4-96FF-AF88D1F1151C}.Release|Any CPU.ActiveCfg = Release|Any CPU
		{E22523AA-5604-44D4-96FF-AF88D1F1151C}.Release|Any CPU.Build.0 = Release|Any CPU
		{E22523AA-5604-44D4-96FF-AF88D1F1151C}.Release|x86.ActiveCfg = Release|Any CPU
		{2C6B7538-5696-4527-9384-685FC3CC12FA}.Debug|Any CPU.ActiveCfg = Debug|x86
		{2C6B7538-5696-4527-9384-685FC3CC12FA}.Debug|x86.ActiveCfg = Debug|x86
		{2C6B7538-5696-4527-9384-685FC3CC12FA}.Debug|x86.Build.0 = Debug|x86
		{2C6B7538-5696-4527-9384-685FC3CC12FA}.Deploy|Any CPU.ActiveCfg = Debug|x86
		{2C6B7538-5696-4527-9384-685FC3CC12FA}.Deploy|x86.ActiveCfg = Debug|x86
		{2C6B7538-5696-4527-9384-685FC3CC12FA}.Release|Any CPU.ActiveCfg = Release|x86
		{2C6B7538-5696-4527-9384-685FC3CC12FA}.Release|x86.ActiveCfg = Release|x86
		{2C6B7538-5696-4527-9384-685FC3CC12FA}.Release|x86.Build.0 = Release|x86
		{C1B657CF-9F31-45AF-8482-D30B7A848D19}.Debug|Any CPU.ActiveCfg = Debug|x86
		{C1B657CF-9F31-45AF-8482-D30B7A848D19}.Debug|x86.ActiveCfg = Debug|x86
		{C1B657CF-9F31-45AF-8482-D30B7A848D19}.Debug|x86.Build.0 = Debug|x86
		{C1B657CF-9F31-45AF-8482-D30B7A848D19}.Deploy|Any CPU.ActiveCfg = Debug|x86
		{C1B657CF-9F31-45AF-8482-D30B7A848D19}.Deploy|x86.ActiveCfg = Debug|x86
		{C1B657CF-9F31-45AF-8482-D30B7A848D19}.Release|Any CPU.ActiveCfg = Release|x86
		{C1B657CF-9F31-45AF-8482-D30B7A848D19}.Release|x86.ActiveCfg = Release|x86
		{C1B657CF-9F31-45AF-8482-D30B7A848D19}.Release|x86.Build.0 = Release|x86
		{7B81AD62-E8D8-4B75-A2AB-F947E3F1E900}.Debug|Any CPU.ActiveCfg = Debug|Any CPU
		{7B81AD62-E8D8-4B75-A2AB-F947E3F1E900}.Debug|Any CPU.Build.0 = Debug|Any CPU
		{7B81AD62-E8D8-4B75-A2AB-F947E3F1E900}.Debug|x86.ActiveCfg = Debug|Any CPU
		{7B81AD62-E8D8-4B75-A2AB-F947E3F1E900}.Deploy|Any CPU.ActiveCfg = Debug|Any CPU
		{7B81AD62-E8D8-4B75-A2AB-F947E3F1E900}.Deploy|Any CPU.Build.0 = Debug|Any CPU
		{7B81AD62-E8D8-4B75-A2AB-F947E3F1E900}.Deploy|x86.ActiveCfg = Debug|Any CPU
		{7B81AD62-E8D8-4B75-A2AB-F947E3F1E900}.Release|Any CPU.ActiveCfg = Release|Any CPU
		{7B81AD62-E8D8-4B75-A2AB-F947E3F1E900}.Release|Any CPU.Build.0 = Release|Any CPU
		{7B81AD62-E8D8-4B75-A2AB-F947E3F1E900}.Release|x86.ActiveCfg = Release|Any CPU
		{8AF34D90-4522-43A7-A9AB-82FA09477DC6}.Debug|Any CPU.ActiveCfg = Debug|Any CPU
		{8AF34D90-4522-43A7-A9AB-82FA09477DC6}.Debug|Any CPU.Build.0 = Debug|Any CPU
		{8AF34D90-4522-43A7-A9AB-82FA09477DC6}.Debug|x86.ActiveCfg = Debug|Any CPU
		{8AF34D90-4522-43A7-A9AB-82FA09477DC6}.Deploy|Any CPU.ActiveCfg = Debug|Any CPU
		{8AF34D90-4522-43A7-A9AB-82FA09477DC6}.Deploy|Any CPU.Build.0 = Debug|Any CPU
		{8AF34D90-4522-43A7-A9AB-82FA09477DC6}.Deploy|x86.ActiveCfg = Debug|Any CPU
		{8AF34D90-4522-43A7-A9AB-82FA09477DC6}.Release|Any CPU.ActiveCfg = Release|Any CPU
		{8AF34D90-4522-43A7-A9AB-82FA09477DC6}.Release|Any CPU.Build.0 = Release|Any CPU
		{8AF34D90-4522-43A7-A9AB-82FA09477DC6}.Release|x86.ActiveCfg = Release|Any CPU
		{98F3EF63-33EE-4E59-A419-B1710CE3917F}.Debug|Any CPU.ActiveCfg = Debug|Any CPU
		{98F3EF63-33EE-4E59-A419-B1710CE3917F}.Debug|Any CPU.Build.0 = Debug|Any CPU
		{98F3EF63-33EE-4E59-A419-B1710CE3917F}.Debug|x86.ActiveCfg = Debug|Any CPU
		{98F3EF63-33EE-4E59-A419-B1710CE3917F}.Deploy|Any CPU.ActiveCfg = Debug|Any CPU
		{98F3EF63-33EE-4E59-A419-B1710CE3917F}.Deploy|Any CPU.Build.0 = Debug|Any CPU
		{98F3EF63-33EE-4E59-A419-B1710CE3917F}.Deploy|x86.ActiveCfg = Debug|Any CPU
		{98F3EF63-33EE-4E59-A419-B1710CE3917F}.Release|Any CPU.ActiveCfg = Release|Any CPU
		{98F3EF63-33EE-4E59-A419-B1710CE3917F}.Release|Any CPU.Build.0 = Release|Any CPU
		{98F3EF63-33EE-4E59-A419-B1710CE3917F}.Release|x86.ActiveCfg = Release|Any CPU
		{E1F35EB7-845D-4D04-8294-B4296CB88424}.Debug|Any CPU.ActiveCfg = Debug|Any CPU
		{E1F35EB7-845D-4D04-8294-B4296CB88424}.Debug|Any CPU.Build.0 = Debug|Any CPU
		{E1F35EB7-845D-4D04-8294-B4296CB88424}.Debug|x86.ActiveCfg = Debug|Any CPU
		{E1F35EB7-845D-4D04-8294-B4296CB88424}.Deploy|Any CPU.ActiveCfg = Debug|Any CPU
		{E1F35EB7-845D-4D04-8294-B4296CB88424}.Deploy|Any CPU.Build.0 = Debug|Any CPU
		{E1F35EB7-845D-4D04-8294-B4296CB88424}.Deploy|x86.ActiveCfg = Debug|Any CPU
		{E1F35EB7-845D-4D04-8294-B4296CB88424}.Release|Any CPU.ActiveCfg = Release|Any CPU
		{E1F35EB7-845D-4D04-8294-B4296CB88424}.Release|Any CPU.Build.0 = Release|Any CPU
		{E1F35EB7-845D-4D04-8294-B4296CB88424}.Release|x86.ActiveCfg = Release|Any CPU
		{AC99DAD4-13FD-47B5-AE07-56FE7662A523}.Debug|Any CPU.ActiveCfg = Debug|Any CPU
		{AC99DAD4-13FD-47B5-AE07-56FE7662A523}.Debug|Any CPU.Build.0 = Debug|Any CPU
		{AC99DAD4-13FD-47B5-AE07-56FE7662A523}.Debug|x86.ActiveCfg = Debug|Any CPU
		{AC99DAD4-13FD-47B5-AE07-56FE7662A523}.Deploy|Any CPU.ActiveCfg = Debug|Any CPU
		{AC99DAD4-13FD-47B5-AE07-56FE7662A523}.Deploy|Any CPU.Build.0 = Debug|Any CPU
		{AC99DAD4-13FD-47B5-AE07-56FE7662A523}.Deploy|x86.ActiveCfg = Debug|Any CPU
		{AC99DAD4-13FD-47B5-AE07-56FE7662A523}.Release|Any CPU.ActiveCfg = Release|Any CPU
		{AC99DAD4-13FD-47B5-AE07-56FE7662A523}.Release|Any CPU.Build.0 = Release|Any CPU
		{AC99DAD4-13FD-47B5-AE07-56FE7662A523}.Release|x86.ActiveCfg = Release|Any CPU
		{BEFA258E-C992-4159-BA8B-75420D7C8428}.Debug|Any CPU.ActiveCfg = Debug|Any CPU
		{BEFA258E-C992-4159-BA8B-75420D7C8428}.Debug|Any CPU.Build.0 = Debug|Any CPU
		{BEFA258E-C992-4159-BA8B-75420D7C8428}.Debug|x86.ActiveCfg = Debug|Any CPU
		{BEFA258E-C992-4159-BA8B-75420D7C8428}.Deploy|Any CPU.ActiveCfg = Debug|Any CPU
		{BEFA258E-C992-4159-BA8B-75420D7C8428}.Deploy|Any CPU.Build.0 = Debug|Any CPU
		{BEFA258E-C992-4159-BA8B-75420D7C8428}.Deploy|x86.ActiveCfg = Debug|Any CPU
		{BEFA258E-C992-4159-BA8B-75420D7C8428}.Release|Any CPU.ActiveCfg = Release|Any CPU
		{BEFA258E-C992-4159-BA8B-75420D7C8428}.Release|Any CPU.Build.0 = Release|Any CPU
		{BEFA258E-C992-4159-BA8B-75420D7C8428}.Release|x86.ActiveCfg = Release|Any CPU
		{0E694D92-9EA4-481C-A273-4C5A5C1973DF}.Debug|Any CPU.ActiveCfg = Debug|Any CPU
		{0E694D92-9EA4-481C-A273-4C5A5C1973DF}.Debug|Any CPU.Build.0 = Debug|Any CPU
		{0E694D92-9EA4-481C-A273-4C5A5C1973DF}.Debug|x86.ActiveCfg = Debug|Any CPU
		{0E694D92-9EA4-481C-A273-4C5A5C1973DF}.Deploy|Any CPU.ActiveCfg = Debug|Any CPU
		{0E694D92-9EA4-481C-A273-4C5A5C1973DF}.Deploy|x86.ActiveCfg = Debug|Any CPU
		{0E694D92-9EA4-481C-A273-4C5A5C1973DF}.Release|Any CPU.ActiveCfg = Release|Any CPU
		{0E694D92-9EA4-481C-A273-4C5A5C1973DF}.Release|Any CPU.Build.0 = Release|Any CPU
		{0E694D92-9EA4-481C-A273-4C5A5C1973DF}.Release|x86.ActiveCfg = Release|Any CPU
		{B1CE7077-452B-4475-A432-E692D4567902}.Debug|Any CPU.ActiveCfg = Debug|Any CPU
		{B1CE7077-452B-4475-A432-E692D4567902}.Debug|Any CPU.Build.0 = Debug|Any CPU
		{B1CE7077-452B-4475-A432-E692D4567902}.Debug|x86.ActiveCfg = Debug|Any CPU
		{B1CE7077-452B-4475-A432-E692D4567902}.Deploy|Any CPU.ActiveCfg = Debug|Any CPU
		{B1CE7077-452B-4475-A432-E692D4567902}.Deploy|Any CPU.Build.0 = Debug|Any CPU
		{B1CE7077-452B-4475-A432-E692D4567902}.Deploy|x86.ActiveCfg = Debug|Any CPU
		{B1CE7077-452B-4475-A432-E692D4567902}.Release|Any CPU.ActiveCfg = Release|Any CPU
		{B1CE7077-452B-4475-A432-E692D4567902}.Release|Any CPU.Build.0 = Release|Any CPU
		{B1CE7077-452B-4475-A432-E692D4567902}.Release|x86.ActiveCfg = Release|Any CPU
		{5790ED3D-A7FC-4D6E-8940-E5009424BF8B}.Debug|Any CPU.ActiveCfg = Debug|Any CPU
		{5790ED3D-A7FC-4D6E-8940-E5009424BF8B}.Debug|Any CPU.Build.0 = Debug|Any CPU
		{5790ED3D-A7FC-4D6E-8940-E5009424BF8B}.Debug|x86.ActiveCfg = Debug|Any CPU
		{5790ED3D-A7FC-4D6E-8940-E5009424BF8B}.Deploy|Any CPU.ActiveCfg = Debug|Any CPU
		{5790ED3D-A7FC-4D6E-8940-E5009424BF8B}.Deploy|Any CPU.Build.0 = Debug|Any CPU
		{5790ED3D-A7FC-4D6E-8940-E5009424BF8B}.Deploy|x86.ActiveCfg = Debug|Any CPU
		{5790ED3D-A7FC-4D6E-8940-E5009424BF8B}.Release|Any CPU.ActiveCfg = Release|Any CPU
		{5790ED3D-A7FC-4D6E-8940-E5009424BF8B}.Release|Any CPU.Build.0 = Release|Any CPU
		{5790ED3D-A7FC-4D6E-8940-E5009424BF8B}.Release|x86.ActiveCfg = Release|Any CPU
		{182F4195-EC4E-4C0E-A7FF-4E1AD82B0629}.Debug|Any CPU.ActiveCfg = Debug|Any CPU
		{182F4195-EC4E-4C0E-A7FF-4E1AD82B0629}.Debug|Any CPU.Build.0 = Debug|Any CPU
		{182F4195-EC4E-4C0E-A7FF-4E1AD82B0629}.Debug|x86.ActiveCfg = Debug|Any CPU
		{182F4195-EC4E-4C0E-A7FF-4E1AD82B0629}.Deploy|Any CPU.ActiveCfg = Debug|Any CPU
		{182F4195-EC4E-4C0E-A7FF-4E1AD82B0629}.Deploy|Any CPU.Build.0 = Debug|Any CPU
		{182F4195-EC4E-4C0E-A7FF-4E1AD82B0629}.Deploy|x86.ActiveCfg = Debug|Any CPU
		{182F4195-EC4E-4C0E-A7FF-4E1AD82B0629}.Release|Any CPU.ActiveCfg = Release|Any CPU
		{182F4195-EC4E-4C0E-A7FF-4E1AD82B0629}.Release|Any CPU.Build.0 = Release|Any CPU
		{182F4195-EC4E-4C0E-A7FF-4E1AD82B0629}.Release|x86.ActiveCfg = Release|Any CPU
		{3697B045-0758-4F22-BC91-360B05957809}.Debug|Any CPU.ActiveCfg = Debug|Any CPU
		{3697B045-0758-4F22-BC91-360B05957809}.Debug|Any CPU.Build.0 = Debug|Any CPU
		{3697B045-0758-4F22-BC91-360B05957809}.Debug|x86.ActiveCfg = Debug|Any CPU
		{3697B045-0758-4F22-BC91-360B05957809}.Deploy|Any CPU.ActiveCfg = Debug|Any CPU
		{3697B045-0758-4F22-BC91-360B05957809}.Deploy|Any CPU.Build.0 = Debug|Any CPU
		{3697B045-0758-4F22-BC91-360B05957809}.Deploy|x86.ActiveCfg = Debug|Any CPU
		{3697B045-0758-4F22-BC91-360B05957809}.Release|Any CPU.ActiveCfg = Release|Any CPU
		{3697B045-0758-4F22-BC91-360B05957809}.Release|Any CPU.Build.0 = Release|Any CPU
		{3697B045-0758-4F22-BC91-360B05957809}.Release|x86.ActiveCfg = Release|Any CPU
		{D4DA36DF-D5BE-4450-8473-FA83A0596B0B}.Debug|Any CPU.ActiveCfg = Debug|Any CPU
		{D4DA36DF-D5BE-4450-8473-FA83A0596B0B}.Debug|Any CPU.Build.0 = Debug|Any CPU
		{D4DA36DF-D5BE-4450-8473-FA83A0596B0B}.Debug|x86.ActiveCfg = Debug|Any CPU
		{D4DA36DF-D5BE-4450-8473-FA83A0596B0B}.Deploy|Any CPU.ActiveCfg = Debug|Any CPU
		{D4DA36DF-D5BE-4450-8473-FA83A0596B0B}.Deploy|Any CPU.Build.0 = Debug|Any CPU
		{D4DA36DF-D5BE-4450-8473-FA83A0596B0B}.Deploy|x86.ActiveCfg = Debug|Any CPU
		{D4DA36DF-D5BE-4450-8473-FA83A0596B0B}.Release|Any CPU.ActiveCfg = Release|Any CPU
		{D4DA36DF-D5BE-4450-8473-FA83A0596B0B}.Release|Any CPU.Build.0 = Release|Any CPU
		{D4DA36DF-D5BE-4450-8473-FA83A0596B0B}.Release|x86.ActiveCfg = Release|Any CPU
		{B00C9335-76F1-4C05-ABC2-3F90C60C8E08}.Debug|Any CPU.ActiveCfg = Debug|Any CPU
		{B00C9335-76F1-4C05-ABC2-3F90C60C8E08}.Debug|Any CPU.Build.0 = Debug|Any CPU
		{B00C9335-76F1-4C05-ABC2-3F90C60C8E08}.Debug|x86.ActiveCfg = Debug|Any CPU
		{B00C9335-76F1-4C05-ABC2-3F90C60C8E08}.Deploy|Any CPU.ActiveCfg = Debug|Any CPU
		{B00C9335-76F1-4C05-ABC2-3F90C60C8E08}.Deploy|Any CPU.Build.0 = Debug|Any CPU
		{B00C9335-76F1-4C05-ABC2-3F90C60C8E08}.Deploy|x86.ActiveCfg = Debug|Any CPU
		{B00C9335-76F1-4C05-ABC2-3F90C60C8E08}.Release|Any CPU.ActiveCfg = Release|Any CPU
		{B00C9335-76F1-4C05-ABC2-3F90C60C8E08}.Release|Any CPU.Build.0 = Release|Any CPU
		{B00C9335-76F1-4C05-ABC2-3F90C60C8E08}.Release|x86.ActiveCfg = Release|Any CPU
		{3C476B1C-32C0-4505-8DA4-5D9B42F8D778}.Debug|Any CPU.ActiveCfg = Debug|Any CPU
		{3C476B1C-32C0-4505-8DA4-5D9B42F8D778}.Debug|Any CPU.Build.0 = Debug|Any CPU
		{3C476B1C-32C0-4505-8DA4-5D9B42F8D778}.Debug|x86.ActiveCfg = Debug|Any CPU
		{3C476B1C-32C0-4505-8DA4-5D9B42F8D778}.Deploy|Any CPU.ActiveCfg = Debug|Any CPU
		{3C476B1C-32C0-4505-8DA4-5D9B42F8D778}.Deploy|Any CPU.Build.0 = Debug|Any CPU
		{3C476B1C-32C0-4505-8DA4-5D9B42F8D778}.Deploy|x86.ActiveCfg = Debug|Any CPU
		{3C476B1C-32C0-4505-8DA4-5D9B42F8D778}.Release|Any CPU.ActiveCfg = Release|Any CPU
		{3C476B1C-32C0-4505-8DA4-5D9B42F8D778}.Release|Any CPU.Build.0 = Release|Any CPU
		{3C476B1C-32C0-4505-8DA4-5D9B42F8D778}.Release|x86.ActiveCfg = Release|Any CPU
		{EF054A52-37C2-42F0-8F1A-298153E4A654}.Debug|Any CPU.ActiveCfg = Debug|Any CPU
		{EF054A52-37C2-42F0-8F1A-298153E4A654}.Debug|Any CPU.Build.0 = Debug|Any CPU
		{EF054A52-37C2-42F0-8F1A-298153E4A654}.Debug|x86.ActiveCfg = Debug|Any CPU
		{EF054A52-37C2-42F0-8F1A-298153E4A654}.Deploy|Any CPU.ActiveCfg = Debug|Any CPU
		{EF054A52-37C2-42F0-8F1A-298153E4A654}.Deploy|Any CPU.Build.0 = Debug|Any CPU
		{EF054A52-37C2-42F0-8F1A-298153E4A654}.Deploy|x86.ActiveCfg = Debug|Any CPU
		{EF054A52-37C2-42F0-8F1A-298153E4A654}.Release|Any CPU.ActiveCfg = Release|Any CPU
		{EF054A52-37C2-42F0-8F1A-298153E4A654}.Release|Any CPU.Build.0 = Release|Any CPU
		{EF054A52-37C2-42F0-8F1A-298153E4A654}.Release|x86.ActiveCfg = Release|Any CPU
		{E6D823F8-5528-42FD-BEDB-C2166F823F7C}.Debug|Any CPU.ActiveCfg = Debug|Any CPU
		{E6D823F8-5528-42FD-BEDB-C2166F823F7C}.Debug|Any CPU.Build.0 = Debug|Any CPU
		{E6D823F8-5528-42FD-BEDB-C2166F823F7C}.Debug|x86.ActiveCfg = Debug|Any CPU
		{E6D823F8-5528-42FD-BEDB-C2166F823F7C}.Deploy|Any CPU.ActiveCfg = Debug|Any CPU
		{E6D823F8-5528-42FD-BEDB-C2166F823F7C}.Deploy|Any CPU.Build.0 = Debug|Any CPU
		{E6D823F8-5528-42FD-BEDB-C2166F823F7C}.Deploy|x86.ActiveCfg = Debug|Any CPU
		{E6D823F8-5528-42FD-BEDB-C2166F823F7C}.Release|Any CPU.ActiveCfg = Release|Any CPU
		{E6D823F8-5528-42FD-BEDB-C2166F823F7C}.Release|Any CPU.Build.0 = Release|Any CPU
		{E6D823F8-5528-42FD-BEDB-C2166F823F7C}.Release|x86.ActiveCfg = Release|Any CPU
		{461B670A-329E-418B-9F5B-E966612E918F}.Debug|Any CPU.ActiveCfg = Debug|Any CPU
		{461B670A-329E-418B-9F5B-E966612E918F}.Debug|Any CPU.Build.0 = Debug|Any CPU
		{461B670A-329E-418B-9F5B-E966612E918F}.Debug|x86.ActiveCfg = Debug|Any CPU
		{461B670A-329E-418B-9F5B-E966612E918F}.Deploy|Any CPU.ActiveCfg = Debug|Any CPU
		{461B670A-329E-418B-9F5B-E966612E918F}.Deploy|Any CPU.Build.0 = Debug|Any CPU
		{461B670A-329E-418B-9F5B-E966612E918F}.Deploy|x86.ActiveCfg = Debug|Any CPU
		{461B670A-329E-418B-9F5B-E966612E918F}.Release|Any CPU.ActiveCfg = Release|Any CPU
		{461B670A-329E-418B-9F5B-E966612E918F}.Release|Any CPU.Build.0 = Release|Any CPU
		{461B670A-329E-418B-9F5B-E966612E918F}.Release|x86.ActiveCfg = Release|Any CPU
		{7D3724E6-BAE7-47D3-BF84-CF0AAC4638C6}.Debug|Any CPU.ActiveCfg = Debug|Any CPU
		{7D3724E6-BAE7-47D3-BF84-CF0AAC4638C6}.Debug|Any CPU.Build.0 = Debug|Any CPU
		{7D3724E6-BAE7-47D3-BF84-CF0AAC4638C6}.Debug|x86.ActiveCfg = Debug|Any CPU
		{7D3724E6-BAE7-47D3-BF84-CF0AAC4638C6}.Deploy|Any CPU.ActiveCfg = Debug|Any CPU
		{7D3724E6-BAE7-47D3-BF84-CF0AAC4638C6}.Deploy|Any CPU.Build.0 = Debug|Any CPU
		{7D3724E6-BAE7-47D3-BF84-CF0AAC4638C6}.Deploy|x86.ActiveCfg = Debug|Any CPU
		{7D3724E6-BAE7-47D3-BF84-CF0AAC4638C6}.Release|Any CPU.ActiveCfg = Release|Any CPU
		{7D3724E6-BAE7-47D3-BF84-CF0AAC4638C6}.Release|Any CPU.Build.0 = Release|Any CPU
		{7D3724E6-BAE7-47D3-BF84-CF0AAC4638C6}.Release|x86.ActiveCfg = Release|Any CPU
		{C060FCB6-4365-4C08-8123-411C60F9D44D}.Debug|Any CPU.ActiveCfg = Debug|Any CPU
		{C060FCB6-4365-4C08-8123-411C60F9D44D}.Debug|Any CPU.Build.0 = Debug|Any CPU
		{C060FCB6-4365-4C08-8123-411C60F9D44D}.Debug|x86.ActiveCfg = Debug|Any CPU
		{C060FCB6-4365-4C08-8123-411C60F9D44D}.Deploy|Any CPU.ActiveCfg = Debug|Any CPU
		{C060FCB6-4365-4C08-8123-411C60F9D44D}.Deploy|Any CPU.Build.0 = Debug|Any CPU
		{C060FCB6-4365-4C08-8123-411C60F9D44D}.Deploy|x86.ActiveCfg = Debug|Any CPU
		{C060FCB6-4365-4C08-8123-411C60F9D44D}.Release|Any CPU.ActiveCfg = Release|Any CPU
		{C060FCB6-4365-4C08-8123-411C60F9D44D}.Release|Any CPU.Build.0 = Release|Any CPU
		{C060FCB6-4365-4C08-8123-411C60F9D44D}.Release|x86.ActiveCfg = Release|Any CPU
		{592E5FDD-8DF5-408D-BBF5-D8A9C1A51406}.Debug|Any CPU.ActiveCfg = Debug|Any CPU
		{592E5FDD-8DF5-408D-BBF5-D8A9C1A51406}.Debug|Any CPU.Build.0 = Debug|Any CPU
		{592E5FDD-8DF5-408D-BBF5-D8A9C1A51406}.Debug|x86.ActiveCfg = Debug|Any CPU
		{592E5FDD-8DF5-408D-BBF5-D8A9C1A51406}.Deploy|Any CPU.ActiveCfg = Debug|Any CPU
		{592E5FDD-8DF5-408D-BBF5-D8A9C1A51406}.Deploy|Any CPU.Build.0 = Debug|Any CPU
		{592E5FDD-8DF5-408D-BBF5-D8A9C1A51406}.Deploy|x86.ActiveCfg = Debug|Any CPU
		{592E5FDD-8DF5-408D-BBF5-D8A9C1A51406}.Release|Any CPU.ActiveCfg = Release|Any CPU
		{592E5FDD-8DF5-408D-BBF5-D8A9C1A51406}.Release|Any CPU.Build.0 = Release|Any CPU
		{592E5FDD-8DF5-408D-BBF5-D8A9C1A51406}.Release|x86.ActiveCfg = Release|Any CPU
		{41430171-FC0B-4CDA-B06A-3B2A43948D42}.Debug|Any CPU.ActiveCfg = Debug|Any CPU
		{41430171-FC0B-4CDA-B06A-3B2A43948D42}.Debug|Any CPU.Build.0 = Debug|Any CPU
		{41430171-FC0B-4CDA-B06A-3B2A43948D42}.Debug|x86.ActiveCfg = Debug|Any CPU
		{41430171-FC0B-4CDA-B06A-3B2A43948D42}.Deploy|Any CPU.ActiveCfg = Debug|Any CPU
		{41430171-FC0B-4CDA-B06A-3B2A43948D42}.Deploy|Any CPU.Build.0 = Debug|Any CPU
		{41430171-FC0B-4CDA-B06A-3B2A43948D42}.Deploy|x86.ActiveCfg = Debug|Any CPU
		{41430171-FC0B-4CDA-B06A-3B2A43948D42}.Release|Any CPU.ActiveCfg = Release|Any CPU
		{41430171-FC0B-4CDA-B06A-3B2A43948D42}.Release|Any CPU.Build.0 = Release|Any CPU
		{41430171-FC0B-4CDA-B06A-3B2A43948D42}.Release|x86.ActiveCfg = Release|Any CPU
		{E05E3775-A2D2-462A-AB06-70C0BB6D72F1}.Debug|Any CPU.ActiveCfg = Debug|Any CPU
		{E05E3775-A2D2-462A-AB06-70C0BB6D72F1}.Debug|Any CPU.Build.0 = Debug|Any CPU
		{E05E3775-A2D2-462A-AB06-70C0BB6D72F1}.Debug|x86.ActiveCfg = Debug|Any CPU
		{E05E3775-A2D2-462A-AB06-70C0BB6D72F1}.Deploy|Any CPU.ActiveCfg = Debug|Any CPU
		{E05E3775-A2D2-462A-AB06-70C0BB6D72F1}.Deploy|Any CPU.Build.0 = Debug|Any CPU
		{E05E3775-A2D2-462A-AB06-70C0BB6D72F1}.Deploy|x86.ActiveCfg = Debug|Any CPU
		{E05E3775-A2D2-462A-AB06-70C0BB6D72F1}.Release|Any CPU.ActiveCfg = Release|Any CPU
		{E05E3775-A2D2-462A-AB06-70C0BB6D72F1}.Release|Any CPU.Build.0 = Release|Any CPU
		{E05E3775-A2D2-462A-AB06-70C0BB6D72F1}.Release|x86.ActiveCfg = Release|Any CPU
		{4C3019BF-6C51-41F5-8F8A-1081937B1B6C}.Debug|Any CPU.ActiveCfg = Debug|Any CPU
		{4C3019BF-6C51-41F5-8F8A-1081937B1B6C}.Debug|Any CPU.Build.0 = Debug|Any CPU
		{4C3019BF-6C51-41F5-8F8A-1081937B1B6C}.Debug|x86.ActiveCfg = Debug|Any CPU
		{4C3019BF-6C51-41F5-8F8A-1081937B1B6C}.Deploy|Any CPU.ActiveCfg = Debug|Any CPU
		{4C3019BF-6C51-41F5-8F8A-1081937B1B6C}.Deploy|Any CPU.Build.0 = Debug|Any CPU
		{4C3019BF-6C51-41F5-8F8A-1081937B1B6C}.Deploy|x86.ActiveCfg = Debug|Any CPU
		{4C3019BF-6C51-41F5-8F8A-1081937B1B6C}.Release|Any CPU.ActiveCfg = Release|Any CPU
		{4C3019BF-6C51-41F5-8F8A-1081937B1B6C}.Release|Any CPU.Build.0 = Release|Any CPU
		{4C3019BF-6C51-41F5-8F8A-1081937B1B6C}.Release|x86.ActiveCfg = Release|Any CPU
		{930B1BC7-F80A-4513-A7B2-D7893D0A6D18}.Debug|Any CPU.ActiveCfg = Debug|Any CPU
		{930B1BC7-F80A-4513-A7B2-D7893D0A6D18}.Debug|Any CPU.Build.0 = Debug|Any CPU
		{930B1BC7-F80A-4513-A7B2-D7893D0A6D18}.Debug|x86.ActiveCfg = Debug|Any CPU
		{930B1BC7-F80A-4513-A7B2-D7893D0A6D18}.Deploy|Any CPU.ActiveCfg = Debug|Any CPU
		{930B1BC7-F80A-4513-A7B2-D7893D0A6D18}.Deploy|Any CPU.Build.0 = Debug|Any CPU
		{930B1BC7-F80A-4513-A7B2-D7893D0A6D18}.Deploy|x86.ActiveCfg = Debug|Any CPU
		{930B1BC7-F80A-4513-A7B2-D7893D0A6D18}.Release|Any CPU.ActiveCfg = Release|Any CPU
		{930B1BC7-F80A-4513-A7B2-D7893D0A6D18}.Release|Any CPU.Build.0 = Release|Any CPU
		{930B1BC7-F80A-4513-A7B2-D7893D0A6D18}.Release|x86.ActiveCfg = Release|Any CPU
		{ED30C85D-B764-4C22-B1BB-C6B150AC72C9}.Debug|Any CPU.ActiveCfg = Debug|Any CPU
		{ED30C85D-B764-4C22-B1BB-C6B150AC72C9}.Debug|Any CPU.Build.0 = Debug|Any CPU
		{ED30C85D-B764-4C22-B1BB-C6B150AC72C9}.Debug|x86.ActiveCfg = Debug|Any CPU
		{ED30C85D-B764-4C22-B1BB-C6B150AC72C9}.Deploy|Any CPU.ActiveCfg = Debug|Any CPU
		{ED30C85D-B764-4C22-B1BB-C6B150AC72C9}.Deploy|Any CPU.Build.0 = Debug|Any CPU
		{ED30C85D-B764-4C22-B1BB-C6B150AC72C9}.Deploy|x86.ActiveCfg = Debug|Any CPU
		{ED30C85D-B764-4C22-B1BB-C6B150AC72C9}.Release|Any CPU.ActiveCfg = Release|Any CPU
		{ED30C85D-B764-4C22-B1BB-C6B150AC72C9}.Release|Any CPU.Build.0 = Release|Any CPU
		{ED30C85D-B764-4C22-B1BB-C6B150AC72C9}.Release|x86.ActiveCfg = Release|Any CPU
		{194BAC5B-D4BC-4705-BC98-6F749632EA66}.Debug|Any CPU.ActiveCfg = Debug|Any CPU
		{194BAC5B-D4BC-4705-BC98-6F749632EA66}.Debug|Any CPU.Build.0 = Debug|Any CPU
		{194BAC5B-D4BC-4705-BC98-6F749632EA66}.Debug|x86.ActiveCfg = Debug|Any CPU
		{194BAC5B-D4BC-4705-BC98-6F749632EA66}.Deploy|Any CPU.ActiveCfg = Debug|Any CPU
		{194BAC5B-D4BC-4705-BC98-6F749632EA66}.Deploy|Any CPU.Build.0 = Debug|Any CPU
		{194BAC5B-D4BC-4705-BC98-6F749632EA66}.Deploy|x86.ActiveCfg = Debug|Any CPU
		{194BAC5B-D4BC-4705-BC98-6F749632EA66}.Release|Any CPU.ActiveCfg = Release|Any CPU
		{194BAC5B-D4BC-4705-BC98-6F749632EA66}.Release|Any CPU.Build.0 = Release|Any CPU
		{194BAC5B-D4BC-4705-BC98-6F749632EA66}.Release|x86.ActiveCfg = Release|Any CPU
		{FF17A7C9-ED72-44F9-9DDD-4AD6B44D97D8}.Debug|Any CPU.ActiveCfg = Debug|Any CPU
		{FF17A7C9-ED72-44F9-9DDD-4AD6B44D97D8}.Debug|Any CPU.Build.0 = Debug|Any CPU
		{FF17A7C9-ED72-44F9-9DDD-4AD6B44D97D8}.Debug|x86.ActiveCfg = Debug|Any CPU
		{FF17A7C9-ED72-44F9-9DDD-4AD6B44D97D8}.Deploy|Any CPU.ActiveCfg = Deploy|Any CPU
		{FF17A7C9-ED72-44F9-9DDD-4AD6B44D97D8}.Deploy|Any CPU.Build.0 = Deploy|Any CPU
		{FF17A7C9-ED72-44F9-9DDD-4AD6B44D97D8}.Deploy|x86.ActiveCfg = Deploy|Any CPU
		{FF17A7C9-ED72-44F9-9DDD-4AD6B44D97D8}.Release|Any CPU.ActiveCfg = Release|Any CPU
		{FF17A7C9-ED72-44F9-9DDD-4AD6B44D97D8}.Release|Any CPU.Build.0 = Release|Any CPU
		{FF17A7C9-ED72-44F9-9DDD-4AD6B44D97D8}.Release|x86.ActiveCfg = Release|Any CPU
		{82F8B4D9-E521-40EF-A2E9-299141DE9E3B}.Debug|Any CPU.ActiveCfg = Debug|Any CPU
		{82F8B4D9-E521-40EF-A2E9-299141DE9E3B}.Debug|Any CPU.Build.0 = Debug|Any CPU
		{82F8B4D9-E521-40EF-A2E9-299141DE9E3B}.Debug|x86.ActiveCfg = Debug|Any CPU
		{82F8B4D9-E521-40EF-A2E9-299141DE9E3B}.Deploy|Any CPU.ActiveCfg = Debug|Any CPU
		{82F8B4D9-E521-40EF-A2E9-299141DE9E3B}.Deploy|Any CPU.Build.0 = Debug|Any CPU
		{82F8B4D9-E521-40EF-A2E9-299141DE9E3B}.Deploy|x86.ActiveCfg = Debug|Any CPU
		{82F8B4D9-E521-40EF-A2E9-299141DE9E3B}.Release|Any CPU.ActiveCfg = Release|Any CPU
		{82F8B4D9-E521-40EF-A2E9-299141DE9E3B}.Release|Any CPU.Build.0 = Release|Any CPU
		{82F8B4D9-E521-40EF-A2E9-299141DE9E3B}.Release|x86.ActiveCfg = Release|Any CPU
		{EF700F30-C9BB-49A6-912C-E3B77857B514}.Debug|Any CPU.ActiveCfg = Debug|Any CPU
		{EF700F30-C9BB-49A6-912C-E3B77857B514}.Debug|Any CPU.Build.0 = Debug|Any CPU
		{EF700F30-C9BB-49A6-912C-E3B77857B514}.Debug|x86.ActiveCfg = Debug|Any CPU
		{EF700F30-C9BB-49A6-912C-E3B77857B514}.Deploy|Any CPU.ActiveCfg = Debug|Any CPU
		{EF700F30-C9BB-49A6-912C-E3B77857B514}.Deploy|Any CPU.Build.0 = Debug|Any CPU
		{EF700F30-C9BB-49A6-912C-E3B77857B514}.Deploy|x86.ActiveCfg = Debug|Any CPU
		{EF700F30-C9BB-49A6-912C-E3B77857B514}.Release|Any CPU.ActiveCfg = Release|Any CPU
		{EF700F30-C9BB-49A6-912C-E3B77857B514}.Release|Any CPU.Build.0 = Release|Any CPU
		{EF700F30-C9BB-49A6-912C-E3B77857B514}.Release|x86.ActiveCfg = Release|Any CPU
		{A1ECC760-B9F7-4A00-AF5F-568B5FD6F09F}.Debug|Any CPU.ActiveCfg = Debug|Any CPU
		{A1ECC760-B9F7-4A00-AF5F-568B5FD6F09F}.Debug|Any CPU.Build.0 = Debug|Any CPU
		{A1ECC760-B9F7-4A00-AF5F-568B5FD6F09F}.Debug|x86.ActiveCfg = Debug|Any CPU
		{A1ECC760-B9F7-4A00-AF5F-568B5FD6F09F}.Deploy|Any CPU.ActiveCfg = Debug|Any CPU
		{A1ECC760-B9F7-4A00-AF5F-568B5FD6F09F}.Deploy|Any CPU.Build.0 = Debug|Any CPU
		{A1ECC760-B9F7-4A00-AF5F-568B5FD6F09F}.Deploy|x86.ActiveCfg = Debug|Any CPU
		{A1ECC760-B9F7-4A00-AF5F-568B5FD6F09F}.Release|Any CPU.ActiveCfg = Release|Any CPU
		{A1ECC760-B9F7-4A00-AF5F-568B5FD6F09F}.Release|Any CPU.Build.0 = Release|Any CPU
		{A1ECC760-B9F7-4A00-AF5F-568B5FD6F09F}.Release|x86.ActiveCfg = Release|Any CPU
		{43B6BC74-70E1-4F13-B9C7-0A81C9B68E4F}.Debug|Any CPU.ActiveCfg = Debug|Any CPU
		{43B6BC74-70E1-4F13-B9C7-0A81C9B68E4F}.Debug|Any CPU.Build.0 = Debug|Any CPU
		{43B6BC74-70E1-4F13-B9C7-0A81C9B68E4F}.Debug|x86.ActiveCfg = Debug|Any CPU
		{43B6BC74-70E1-4F13-B9C7-0A81C9B68E4F}.Deploy|Any CPU.ActiveCfg = Debug|Any CPU
		{43B6BC74-70E1-4F13-B9C7-0A81C9B68E4F}.Deploy|Any CPU.Build.0 = Debug|Any CPU
		{43B6BC74-70E1-4F13-B9C7-0A81C9B68E4F}.Deploy|x86.ActiveCfg = Debug|Any CPU
		{43B6BC74-70E1-4F13-B9C7-0A81C9B68E4F}.Release|Any CPU.ActiveCfg = Release|Any CPU
		{43B6BC74-70E1-4F13-B9C7-0A81C9B68E4F}.Release|Any CPU.Build.0 = Release|Any CPU
		{43B6BC74-70E1-4F13-B9C7-0A81C9B68E4F}.Release|x86.ActiveCfg = Release|Any CPU
	EndGlobalSection
	GlobalSection(SolutionProperties) = preSolution
		HideSolutionNode = FALSE
	EndGlobalSection
	GlobalSection(NestedProjects) = preSolution
		{CF41BE75-1E25-4830-9E7D-7EC980ED05D1} = {5833D5E8-6A03-4EB1-B92E-F8FC32BED48E}
		{A8660BAB-BDDC-437E-B9B1-C896E7A8490D} = {CF41BE75-1E25-4830-9E7D-7EC980ED05D1}
		{ED110CE4-5A1F-4B9A-85AE-8E183201D7B8} = {5833D5E8-6A03-4EB1-B92E-F8FC32BED48E}
		{5EA8D621-8EBB-4F04-839A-85E33BC0D668} = {ED110CE4-5A1F-4B9A-85AE-8E183201D7B8}
		{71FEDE2C-2AA9-4EDB-B23F-C6FEEA21FA70} = {5833D5E8-6A03-4EB1-B92E-F8FC32BED48E}
		{CC344789-9E77-40CC-A9B6-303FDF8132DD} = {71FEDE2C-2AA9-4EDB-B23F-C6FEEA21FA70}
		{057EC4BE-2A80-453C-B630-BF5FB5828C8F} = {5833D5E8-6A03-4EB1-B92E-F8FC32BED48E}
		{A2FB53AA-29EB-46CA-9CFE-5218B8832423} = {057EC4BE-2A80-453C-B630-BF5FB5828C8F}
		{FBD47543-ACA8-4D25-A13C-D65C1CA787C2} = {CF41BE75-1E25-4830-9E7D-7EC980ED05D1}
		{5622E193-E744-436E-BCD9-8FFBA530F3FE} = {5833D5E8-6A03-4EB1-B92E-F8FC32BED48E}
		{12FC6741-71C8-4DE8-AEB9-818A235FF74A} = {5622E193-E744-436E-BCD9-8FFBA530F3FE}
		{E22523AA-5604-44D4-96FF-AF88D1F1151C} = {5622E193-E744-436E-BCD9-8FFBA530F3FE}
		{23CA8F61-A09F-4671-B1C0-DE1D0C3948C8} = {5833D5E8-6A03-4EB1-B92E-F8FC32BED48E}
		{2C6B7538-5696-4527-9384-685FC3CC12FA} = {23CA8F61-A09F-4671-B1C0-DE1D0C3948C8}
		{C1B657CF-9F31-45AF-8482-D30B7A848D19} = {23CA8F61-A09F-4671-B1C0-DE1D0C3948C8}
		{406DA83A-DDE1-4F3F-B627-5FC6E6AA55C6} = {5833D5E8-6A03-4EB1-B92E-F8FC32BED48E}
		{7B81AD62-E8D8-4B75-A2AB-F947E3F1E900} = {406DA83A-DDE1-4F3F-B627-5FC6E6AA55C6}
		{8AF34D90-4522-43A7-A9AB-82FA09477DC6} = {406DA83A-DDE1-4F3F-B627-5FC6E6AA55C6}
		{4251015C-B0C2-4E99-9586-442C8F02A8D8} = {5833D5E8-6A03-4EB1-B92E-F8FC32BED48E}
		{98F3EF63-33EE-4E59-A419-B1710CE3917F} = {4251015C-B0C2-4E99-9586-442C8F02A8D8}
		{E1F35EB7-845D-4D04-8294-B4296CB88424} = {406DA83A-DDE1-4F3F-B627-5FC6E6AA55C6}
		{AC99DAD4-13FD-47B5-AE07-56FE7662A523} = {4251015C-B0C2-4E99-9586-442C8F02A8D8}
		{BEFA258E-C992-4159-BA8B-75420D7C8428} = {23CA8F61-A09F-4671-B1C0-DE1D0C3948C8}
		{0E694D92-9EA4-481C-A273-4C5A5C1973DF} = {23CA8F61-A09F-4671-B1C0-DE1D0C3948C8}
		{B1CE7077-452B-4475-A432-E692D4567902} = {23CA8F61-A09F-4671-B1C0-DE1D0C3948C8}
		{5790ED3D-A7FC-4D6E-8940-E5009424BF8B} = {23CA8F61-A09F-4671-B1C0-DE1D0C3948C8}
		{182F4195-EC4E-4C0E-A7FF-4E1AD82B0629} = {ED110CE4-5A1F-4B9A-85AE-8E183201D7B8}
		{3697B045-0758-4F22-BC91-360B05957809} = {71FEDE2C-2AA9-4EDB-B23F-C6FEEA21FA70}
		{D4DA36DF-D5BE-4450-8473-FA83A0596B0B} = {71FEDE2C-2AA9-4EDB-B23F-C6FEEA21FA70}
		{B00C9335-76F1-4C05-ABC2-3F90C60C8E08} = {71FEDE2C-2AA9-4EDB-B23F-C6FEEA21FA70}
		{074B9EF3-F4D3-4009-8659-88E4B934200B} = {5833D5E8-6A03-4EB1-B92E-F8FC32BED48E}
		{3C476B1C-32C0-4505-8DA4-5D9B42F8D778} = {074B9EF3-F4D3-4009-8659-88E4B934200B}
		{D048A6BC-6BCF-4D93-8CD9-1DF907F37F6A} = {5833D5E8-6A03-4EB1-B92E-F8FC32BED48E}
		{EF054A52-37C2-42F0-8F1A-298153E4A654} = {D048A6BC-6BCF-4D93-8CD9-1DF907F37F6A}
		{E6D823F8-5528-42FD-BEDB-C2166F823F7C} = {D048A6BC-6BCF-4D93-8CD9-1DF907F37F6A}
		{461B670A-329E-418B-9F5B-E966612E918F} = {4251015C-B0C2-4E99-9586-442C8F02A8D8}
		{7D3724E6-BAE7-47D3-BF84-CF0AAC4638C6} = {4251015C-B0C2-4E99-9586-442C8F02A8D8}
		{07EB891B-E07F-4666-891D-DC92EDBF0B6E} = {5833D5E8-6A03-4EB1-B92E-F8FC32BED48E}
		{C060FCB6-4365-4C08-8123-411C60F9D44D} = {07EB891B-E07F-4666-891D-DC92EDBF0B6E}
		{592E5FDD-8DF5-408D-BBF5-D8A9C1A51406} = {5833D5E8-6A03-4EB1-B92E-F8FC32BED48E}
		{41430171-FC0B-4CDA-B06A-3B2A43948D42} = {5833D5E8-6A03-4EB1-B92E-F8FC32BED48E}
		{E05E3775-A2D2-462A-AB06-70C0BB6D72F1} = {406DA83A-DDE1-4F3F-B627-5FC6E6AA55C6}
		{4C3019BF-6C51-41F5-8F8A-1081937B1B6C} = {5833D5E8-6A03-4EB1-B92E-F8FC32BED48E}
		{ED30C85D-B764-4C22-B1BB-C6B150AC72C9} = {5833D5E8-6A03-4EB1-B92E-F8FC32BED48E}
		{194BAC5B-D4BC-4705-BC98-6F749632EA66} = {273E5C54-DFAF-4268-9E86-A72E76C77322}
		{FF17A7C9-ED72-44F9-9DDD-4AD6B44D97D8} = {273E5C54-DFAF-4268-9E86-A72E76C77322}
		{82F8B4D9-E521-40EF-A2E9-299141DE9E3B} = {273E5C54-DFAF-4268-9E86-A72E76C77322}
		{EF700F30-C9BB-49A6-912C-E3B77857B514} = {273E5C54-DFAF-4268-9E86-A72E76C77322}
		{A1ECC760-B9F7-4A00-AF5F-568B5FD6F09F} = {273E5C54-DFAF-4268-9E86-A72E76C77322}
		{43B6BC74-70E1-4F13-B9C7-0A81C9B68E4F} = {273E5C54-DFAF-4268-9E86-A72E76C77322}
	EndGlobalSection
EndGlobal
