
Microsoft Visual Studio Solution File, Format Version 11.00
# Visual Studio 2010
Project("{FAE04EC0-301F-11D3-BF4B-00C04F79EFBC}") = "Latex2MathML", "Latex2MathML.csproj", "{FF17A7C9-ED72-44F9-9DDD-4AD6B44D97D8}"
EndProject
Project("{FAE04EC0-301F-11D3-BF4B-00C04F79EFBC}") = "ltx2mml", "ltx2mml\ltx2mml.csproj", "{BFAD8E4E-6434-4C30-922A-BD71B4714D17}"
EndProject
Global
	GlobalSection(SolutionConfigurationPlatforms) = preSolution
		Debug|Any CPU = Debug|Any CPU
		Release|Any CPU = Release|Any CPU
	EndGlobalSection
	GlobalSection(ProjectConfigurationPlatforms) = postSolution
		{FF17A7C9-ED72-44F9-9DDD-4AD6B44D97D8}.Debug|Any CPU.ActiveCfg = Debug|Any CPU
		{FF17A7C9-ED72-44F9-9DDD-4AD6B44D97D8}.Debug|Any CPU.Build.0 = Debug|Any CPU
		{FF17A7C9-ED72-44F9-9DDD-4AD6B44D97D8}.Release|Any CPU.ActiveCfg = Release|Any CPU
		{FF17A7C9-ED72-44F9-9DDD-4AD6B44D97D8}.Release|Any CPU.Build.0 = Release|Any CPU
		{BFAD8E4E-6434-4C30-922A-BD71B4714D17}.Debug|Any CPU.ActiveCfg = Debug|Any CPU
		{BFAD8E4E-6434-4C30-922A-BD71B4714D17}.Debug|Any CPU.Build.0 = Debug|Any CPU
		{BFAD8E4E-6434-4C30-922A-BD71B4714D17}.Release|Any CPU.ActiveCfg = Release|Any CPU
		{BFAD8E4E-6434-4C30-922A-BD71B4714D17}.Release|Any CPU.Build.0 = Release|Any CPU
	EndGlobalSection
	GlobalSection(SolutionProperties) = preSolution
		HideSolutionNode = FALSE
	EndGlobalSection
EndGlobal
